
Microsoft Visual Studio Solution File, Format Version 10.00
# Visual Web Developer Express 2008
Project("{FAE04EC0-301F-11D3-BF4B-00C04F79EFBC}") = "SummitShopApp", "SummitShopApp\SummitShopApp.csproj", "{D3295660-E920-49AC-B4E3-DC83C94F2F9B}"
EndProject
Project("{FAE04EC0-301F-11D3-BF4B-00C04F79EFBC}") = "SummitShopApp.DAL", "SummitShopApp.DAL\SummitShopApp.DAL.csproj", "{C0DBFB12-5DF3-43C6-A58C-5EAB7AC6CB50}"
EndProject
Project("{FAE04EC0-301F-11D3-BF4B-00C04F79EFBC}") = "SummitShopApp.BL", "SummitShopApp.BL\SummitShopApp.BL.csproj", "{CFC52A2A-0435-4D98-9125-9C93773E2F89}"
EndProject
Project("{FAE04EC0-301F-11D3-BF4B-00C04F79EFBC}") = "AIManageRecurringActivity", "AIManageRecurringActivity\AIManageRecurringActivity.csproj", "{EBD82857-1B0B-4285-8972-158A948A4C5F}"
EndProject
Global
	GlobalSection(SolutionConfigurationPlatforms) = preSolution
		Debug|Any CPU = Debug|Any CPU
		Release|Any CPU = Release|Any CPU
	EndGlobalSection
	GlobalSection(ProjectConfigurationPlatforms) = postSolution
		{D3295660-E920-49AC-B4E3-DC83C94F2F9B}.Debug|Any CPU.ActiveCfg = Debug|Any CPU
		{D3295660-E920-49AC-B4E3-DC83C94F2F9B}.Debug|Any CPU.Build.0 = Debug|Any CPU
		{D3295660-E920-49AC-B4E3-DC83C94F2F9B}.Release|Any CPU.ActiveCfg = Debug|Any CPU
		{D3295660-E920-49AC-B4E3-DC83C94F2F9B}.Release|Any CPU.Build.0 = Debug|Any CPU
		{C0DBFB12-5DF3-43C6-A58C-5EAB7AC6CB50}.Debug|Any CPU.ActiveCfg = Debug|Any CPU
		{C0DBFB12-5DF3-43C6-A58C-5EAB7AC6CB50}.Debug|Any CPU.Build.0 = Debug|Any CPU
		{C0DBFB12-5DF3-43C6-A58C-5EAB7AC6CB50}.Release|Any CPU.ActiveCfg = Debug|Any CPU
		{C0DBFB12-5DF3-43C6-A58C-5EAB7AC6CB50}.Release|Any CPU.Build.0 = Debug|Any CPU
		{CFC52A2A-0435-4D98-9125-9C93773E2F89}.Debug|Any CPU.ActiveCfg = Debug|Any CPU
		{CFC52A2A-0435-4D98-9125-9C93773E2F89}.Debug|Any CPU.Build.0 = Debug|Any CPU
		{CFC52A2A-0435-4D98-9125-9C93773E2F89}.Release|Any CPU.ActiveCfg = Debug|Any CPU
		{CFC52A2A-0435-4D98-9125-9C93773E2F89}.Release|Any CPU.Build.0 = Debug|Any CPU
		{EBD82857-1B0B-4285-8972-158A948A4C5F}.Debug|Any CPU.ActiveCfg = Debug|Any CPU
		{EBD82857-1B0B-4285-8972-158A948A4C5F}.Debug|Any CPU.Build.0 = Debug|Any CPU
		{EBD82857-1B0B-4285-8972-158A948A4C5F}.Release|Any CPU.ActiveCfg = Release|Any CPU
		{EBD82857-1B0B-4285-8972-158A948A4C5F}.Release|Any CPU.Build.0 = Release|Any CPU
	EndGlobalSection
	GlobalSection(SolutionProperties) = preSolution
		HideSolutionNode = FALSE
	EndGlobalSection
EndGlobal
